
Microsoft Visual Studio Solution File, Format Version 12.00
# Visual Studio Version 17
VisualStudioVersion = 17.11.35327.3
MinimumVisualStudioVersion = 10.0.40219.1
Project("{FAE04EC0-301F-11D3-BF4B-00C04F79EFBC}") = "viaggio_attraverso_la_terra_di_mezzo", "viaggio_attraverso_la_terra_di_mezzo\viaggio_attraverso_la_terra_di_mezzo.csproj", "{0F524BFC-4A9A-48E7-9E4A-270D4C95D745}"
EndProject
Global
	GlobalSection(SolutionConfigurationPlatforms) = preSolution
		Debug|Any CPU = Debug|Any CPU
		Release|Any CPU = Release|Any CPU
	EndGlobalSection
	GlobalSection(ProjectConfigurationPlatforms) = postSolution
		{0F524BFC-4A9A-48E7-9E4A-270D4C95D745}.Debug|Any CPU.ActiveCfg = Debug|Any CPU
		{0F524BFC-4A9A-48E7-9E4A-270D4C95D745}.Debug|Any CPU.Build.0 = Debug|Any CPU
		{0F524BFC-4A9A-48E7-9E4A-270D4C95D745}.Release|Any CPU.ActiveCfg = Release|Any CPU
		{0F524BFC-4A9A-48E7-9E4A-270D4C95D745}.Release|Any CPU.Build.0 = Release|Any CPU
	EndGlobalSection
	GlobalSection(SolutionProperties) = preSolution
		HideSolutionNode = FALSE
	EndGlobalSection
	GlobalSection(ExtensibilityGlobals) = postSolution
		SolutionGuid = {E497092A-61C1-492C-A0AD-71CE6DC50033}
	EndGlobalSection
EndGlobal
